{
  "nodes": {
    "agenix": {
      "inputs": {
        "nixpkgs": [
          "nixpkgs"
        ]
      },
      "locked": {
        "lastModified": 1652712410,
        "narHash": "sha256-hMJ2TqLt0DleEnQFGUHK9sV2aAzJPU8pZeiZoqRozbE=",
        "owner": "ryantm",
        "repo": "agenix",
        "rev": "7e5e58b98c3dcbf497543ff6f22591552ebfe65b",
        "type": "github"
      },
      "original": {
        "owner": "ryantm",
        "repo": "agenix",
        "type": "github"
      }
    },
    "cockroachdb": {
      "inputs": {
        "nixpkgs": [
          "nixpkgs"
        ]
      },
      "locked": {
        "lastModified": 1657869706,
        "narHash": "sha256-BrRZVSriba4QBLnYn743pB7Rd2/d3ZPX+qP/G2uCHeM=",
        "owner": "thegergo02",
        "repo": "cockroachdb-prebuild-flake",
        "rev": "67feeac60628df9efdc0147e8f8c0051bdd9500b",
        "type": "github"
      },
      "original": {
        "owner": "thegergo02",
        "repo": "cockroachdb-prebuild-flake",
        "type": "github"
      }
    },
    "home-manager": {
      "inputs": {
        "nixpkgs": [
          "nixpkgs"
        ]
      },
      "locked": {
        "lastModified": 1656169755,
        "narHash": "sha256-Nlnm4jeQWEGjYrE6hxi/7HYHjBSZ/E0RtjCYifnNsWk=",
        "owner": "nix-community",
        "repo": "home-manager",
        "rev": "4a3d01fb53f52ac83194081272795aa4612c2381",
        "type": "github"
      },
      "original": {
        "owner": "nix-community",
        "ref": "release-22.05",
        "repo": "home-manager",
        "type": "github"
      }
    },
    "keys": {
      "flake": false,
      "locked": {
        "lastModified": 1657703935,
        "narHash": "sha256-+NOh82pphxKvtG2KRCQ+57xDDPb0nRqPeqLQjyAAymA=",
        "ref": "master",
        "rev": "310279b29fc24cb10690cb55e82f5b69b88efa7d",
        "revCount": 1,
        "type": "git",
        "url": "git+ssh://freeself_git/thegergo02/personal-keys"
      },
      "original": {
        "type": "git",
        "url": "git+ssh://freeself_git/thegergo02/personal-keys"
      }
    },
    "nixlib": {
      "locked": {
        "lastModified": 1636849918,
        "narHash": "sha256-nzUK6dPcTmNVrgTAC1EOybSMsrcx+QrVPyqRdyKLkjA=",
        "owner": "nix-community",
        "repo": "nixpkgs.lib",
        "rev": "28a5b0557f14124608db68d3ee1f77e9329e9dd5",
        "type": "github"
      },
      "original": {
        "owner": "nix-community",
        "repo": "nixpkgs.lib",
        "type": "github"
      }
    },
    "nixos-generators": {
      "inputs": {
        "nixlib": "nixlib",
        "nixpkgs": [
          "nixpkgs"
        ]
      },
      "locked": {
        "lastModified": 1657748715,
        "narHash": "sha256-WecDwDY/hEcDQYzFnccCNa+5Umht0lfjx/d1qGDy/rQ=",
        "owner": "nix-community",
        "repo": "nixos-generators",
        "rev": "3323b944d99b026aebfd8de439e001409dde067d",
        "type": "github"
      },
      "original": {
        "owner": "nix-community",
        "repo": "nixos-generators",
        "type": "github"
      }
    },
    "nixpkgs": {
      "locked": {
        "lastModified": 1657693803,
        "narHash": "sha256-G++2CJ9u0E7NNTAi9n5G8TdDmGJXcIjkJ3NF8cetQB8=",
        "owner": "NixOS",
        "repo": "nixpkgs",
        "rev": "365e1b3a859281cf11b94f87231adeabbdd878a2",
        "type": "github"
      },
      "original": {
        "id": "nixpkgs",
        "ref": "nixos-22.05",
        "type": "indirect"
      }
    },
    "root": {
      "inputs": {
        "agenix": "agenix",
        "cockroachdb": "cockroachdb",
        "home-manager": "home-manager",
        "keys": "keys",
        "nixos-generators": "nixos-generators",
        "nixpkgs": "nixpkgs",
        "rpi4-config": "rpi4-config",
        "secrets": "secrets",
        "zitadel": "zitadel"
      }
    },
    "rpi4-config": {
      "flake": false,
      "locked": {
        "narHash": "sha256-nG54zqew1hSRG4jUsPGNlhl9Sy9Vl/8OLxGR2oMB4Bk=",
        "type": "tarball",
        "url": "https://github.com/NixOS/nixos-hardware/archive/936e4649098d6a5e0762058cb7687be1b2d90550.tar.gz"
      },
      "original": {
        "type": "tarball",
        "url": "https://github.com/NixOS/nixos-hardware/archive/936e4649098d6a5e0762058cb7687be1b2d90550.tar.gz"
      }
    },
    "secrets": {
      "flake": false,
      "locked": {
        "lastModified": 1657632788,
        "narHash": "sha256-NMg48WNr/NOZ9KfO1LxPtCl98kZHAeD/PKbASheb0PI=",
        "ref": "master",
        "rev": "6867b2f10676382c9c7a80e5e00887134af79f58",
        "revCount": 17,
        "type": "git",
        "url": "git+ssh://freeself_git/thegergo02/personal-secrets"
      },
      "original": {
        "type": "git",
        "url": "git+ssh://freeself_git/thegergo02/personal-secrets"
      }
    },
    "zitadel": {
      "inputs": {
        "nixpkgs": [
          "nixpkgs"
        ]
      },
      "locked": {
        "lastModified": 1657869980,
        "narHash": "sha256-pNgY2LtvnKf5dzscSCmXlKwkqAezlF5rO3GsyhNxn0M=",
        "owner": "thegergo02",
        "repo": "zitadel-prebuild-flake",
        "rev": "be2b89c1da21da655bc971ac1c348eec139b8124",
        "type": "github"
      },
      "original": {
        "owner": "thegergo02",
        "repo": "zitadel-prebuild-flake",
        "type": "github"
      }
    }
  },
  "root": "root",
  "version": 7
}
