{
  "nodes": {
    "agenix": {
      "inputs": {
        "nixpkgs": [
          "nixpkgs"
        ]
      },
      "locked": {
        "lastModified": 1665870395,
        "narHash": "sha256-Tsbqb27LDNxOoPLh0gw2hIb6L/6Ow/6lIBvqcHzEKBI=",
        "owner": "ryantm",
        "repo": "agenix",
        "rev": "a630400067c6d03c9b3e0455347dc8559db14288",
        "type": "github"
      },
      "original": {
        "owner": "ryantm",
        "repo": "agenix",
        "type": "github"
      }
    },
    "cockroachdb": {
      "inputs": {
        "nixpkgs": [
          "nixpkgs"
        ]
      },
      "locked": {
        "lastModified": 1657870908,
        "narHash": "sha256-/N39A4HHdqmTdr/tuGnQAK+CUOSSu6K7itMWBMHcpNo=",
        "owner": "thegergo02",
        "repo": "cockroachdb-prebuild-flake",
        "rev": "0da721a79c85f9caad498501d0f122f4a557a62e",
        "type": "github"
      },
      "original": {
        "owner": "thegergo02",
        "repo": "cockroachdb-prebuild-flake",
        "type": "github"
      }
    },
    "home-manager": {
      "inputs": {
        "nixpkgs": [
          "nixpkgs"
        ]
      },
      "locked": {
        "lastModified": 1665996265,
        "narHash": "sha256-/k9og6LDBQwT+f/tJ5ClcWiUl8kCX5m6ognhsAxOiCY=",
        "owner": "nix-community",
        "repo": "home-manager",
        "rev": "b81e128fc053ab3159d7b464d9b7dedc9d6a6891",
        "type": "github"
      },
      "original": {
        "owner": "nix-community",
        "ref": "release-22.05",
        "repo": "home-manager",
        "type": "github"
      }
    },
    "keys": {
      "flake": false,
      "locked": {
        "lastModified": 1657703935,
        "narHash": "sha256-+NOh82pphxKvtG2KRCQ+57xDDPb0nRqPeqLQjyAAymA=",
        "ref": "master",
        "rev": "310279b29fc24cb10690cb55e82f5b69b88efa7d",
        "revCount": 1,
        "type": "git",
        "url": "git+ssh://freeself_git/thegergo02/personal-keys"
      },
      "original": {
        "type": "git",
        "url": "git+ssh://freeself_git/thegergo02/personal-keys"
      }
    },
    "nixlib": {
      "locked": {
        "lastModified": 1636849918,
        "narHash": "sha256-nzUK6dPcTmNVrgTAC1EOybSMsrcx+QrVPyqRdyKLkjA=",
        "owner": "nix-community",
        "repo": "nixpkgs.lib",
        "rev": "28a5b0557f14124608db68d3ee1f77e9329e9dd5",
        "type": "github"
      },
      "original": {
        "owner": "nix-community",
        "repo": "nixpkgs.lib",
        "type": "github"
      }
    },
    "nixos-generators": {
      "inputs": {
        "nixlib": "nixlib",
        "nixpkgs": [
          "nixpkgs"
        ]
      },
      "locked": {
        "lastModified": 1666812839,
        "narHash": "sha256-0nBDgjPU+iDsvz89W+cDEyhnFGSwCJmwDl/gMGqYiU0=",
        "owner": "nix-community",
        "repo": "nixos-generators",
        "rev": "41f3518bc194389df22a3d198215eae75e6b5ab9",
        "type": "github"
      },
      "original": {
        "owner": "nix-community",
        "repo": "nixos-generators",
        "type": "github"
      }
    },
    "nixpkgs": {
      "locked": {
        "lastModified": 1666961615,
        "narHash": "sha256-+Sqz6zQA85Q14U/KwsJO386oxd47zDte8dqBGOtRJGg=",
        "owner": "NixOS",
        "repo": "nixpkgs",
        "rev": "040c6d8374d090f46ab0e99f1f7c27a4529ecffd",
        "type": "github"
      },
      "original": {
        "id": "nixpkgs",
        "ref": "nixos-22.05",
        "type": "indirect"
      }
    },
    "root": {
      "inputs": {
        "agenix": "agenix",
        "cockroachdb": "cockroachdb",
        "home-manager": "home-manager",
        "keys": "keys",
        "nixos-generators": "nixos-generators",
        "nixpkgs": "nixpkgs",
        "rpi4-config": "rpi4-config",
        "secrets": "secrets",
        "zitadel": "zitadel"
      }
    },
    "rpi4-config": {
      "flake": false,
      "locked": {
        "narHash": "sha256-nG54zqew1hSRG4jUsPGNlhl9Sy9Vl/8OLxGR2oMB4Bk=",
        "type": "tarball",
        "url": "https://github.com/NixOS/nixos-hardware/archive/936e4649098d6a5e0762058cb7687be1b2d90550.tar.gz"
      },
      "original": {
        "type": "tarball",
        "url": "https://github.com/NixOS/nixos-hardware/archive/936e4649098d6a5e0762058cb7687be1b2d90550.tar.gz"
      }
    },
    "secrets": {
      "flake": false,
      "locked": {
        "lastModified": 1658152758,
        "narHash": "sha256-NCS5KeluVEQrDO/Yo3CBjDBjIYK8a+fqolvj4BjqhFw=",
        "ref": "master",
        "rev": "8865059490bd0cd8b60d15d68cd51b3a6a41c6fd",
        "revCount": 18,
        "type": "git",
        "url": "git+ssh://freeself_git/thegergo02/personal-secrets"
      },
      "original": {
        "type": "git",
        "url": "git+ssh://freeself_git/thegergo02/personal-secrets"
      }
    },
    "zitadel": {
      "inputs": {
        "nixpkgs": [
          "nixpkgs"
        ]
      },
      "locked": {
        "lastModified": 1657871012,
        "narHash": "sha256-QNQ7rFNtrQ1VZkSrNRAADd1WVk08cWT2avER1aEiu0Q=",
        "owner": "thegergo02",
        "repo": "zitadel-prebuild-flake",
        "rev": "b6c91006b68d04ed4e526a9f15197837d707d2ab",
        "type": "github"
      },
      "original": {
        "owner": "thegergo02",
        "repo": "zitadel-prebuild-flake",
        "type": "github"
      }
    }
  },
  "root": "root",
  "version": 7
}
