{
  "nodes": {
    "agenix": {
      "inputs": {
        "nixpkgs": [
          "nixpkgs"
        ]
      },
      "locked": {
        "lastModified": 1652712410,
        "narHash": "sha256-hMJ2TqLt0DleEnQFGUHK9sV2aAzJPU8pZeiZoqRozbE=",
        "owner": "ryantm",
        "repo": "agenix",
        "rev": "7e5e58b98c3dcbf497543ff6f22591552ebfe65b",
        "type": "github"
      },
      "original": {
        "owner": "ryantm",
        "repo": "agenix",
        "type": "github"
      }
    },
    "home-manager": {
      "inputs": {
        "nixpkgs": [
          "nixpkgs"
        ]
      },
      "locked": {
        "lastModified": 1651519540,
        "narHash": "sha256-3k6p8VsTwwRPQjE8rrMh+o2AZACZn/eeYJ7ivdQ/Iro=",
        "owner": "nix-community",
        "repo": "home-manager",
        "rev": "d93d56ab8c1c6aa575854a79b9d2f69d491db7d0",
        "type": "github"
      },
      "original": {
        "owner": "nix-community",
        "ref": "release-21.11",
        "repo": "home-manager",
        "type": "github"
      }
    },
    "keys": {
      "flake": false,
      "locked": {
        "lastModified": 1656843007,
        "narHash": "sha256-+NOh82pphxKvtG2KRCQ+57xDDPb0nRqPeqLQjyAAymA=",
        "ref": "master",
        "rev": "cc1b35021ce5ce9df678f346502787c86ac09613",
        "revCount": 4,
        "type": "git",
        "url": "git+ssh://freeself_git/thegergo02/personal-keys"
      },
      "original": {
        "type": "git",
        "url": "git+ssh://freeself_git/thegergo02/personal-keys"
      }
    },
    "nixlib": {
      "locked": {
        "lastModified": 1636849918,
        "narHash": "sha256-nzUK6dPcTmNVrgTAC1EOybSMsrcx+QrVPyqRdyKLkjA=",
        "owner": "nix-community",
        "repo": "nixpkgs.lib",
        "rev": "28a5b0557f14124608db68d3ee1f77e9329e9dd5",
        "type": "github"
      },
      "original": {
        "owner": "nix-community",
        "repo": "nixpkgs.lib",
        "type": "github"
      }
    },
    "nixos-generators": {
      "inputs": {
        "nixlib": "nixlib",
        "nixpkgs": [
          "nixpkgs"
        ]
      },
      "locked": {
        "lastModified": 1655901362,
        "narHash": "sha256-1cPiO869Dr3hqn1qhqd6amvw5U0PB7XDSdwMsIMWNiQ=",
        "owner": "nix-community",
        "repo": "nixos-generators",
        "rev": "898edde476232843da50c9a855efaf5dd8caadaa",
        "type": "github"
      },
      "original": {
        "owner": "nix-community",
        "repo": "nixos-generators",
        "type": "github"
      }
    },
    "nixpkgs": {
      "locked": {
        "lastModified": 1656608236,
        "narHash": "sha256-ZRsimvpsuj5FI0R7uuTVq7vV/C3zKn4Kcfm6roOaNjA=",
        "owner": "NixOS",
        "repo": "nixpkgs",
        "rev": "399c514226ac48d7855838d0777f47f2fa59730a",
        "type": "github"
      },
      "original": {
        "id": "nixpkgs",
        "ref": "nixos-21.11",
        "type": "indirect"
      }
    },
    "root": {
      "inputs": {
        "agenix": "agenix",
        "home-manager": "home-manager",
        "keys": "keys",
        "nixos-generators": "nixos-generators",
        "nixpkgs": "nixpkgs",
        "secrets": "secrets"
      }
    },
    "secrets": {
      "flake": false,
      "locked": {
        "lastModified": 1656936861,
        "narHash": "sha256-Pap5Rl8h6oG5Sz7zvrUFfWDU10HTq0l87xgpIewFgQE=",
        "ref": "master",
        "rev": "038a7aa587445359afb0f8dae1be60854504eb4b",
        "revCount": 6,
        "type": "git",
        "url": "git+ssh://freeself_git/thegergo02/personal-secrets"
      },
      "original": {
        "type": "git",
        "url": "git+ssh://freeself_git/thegergo02/personal-secrets"
      }
    }
  },
  "root": "root",
  "version": 7
}
